
Microsoft Visual Studio Solution File, Format Version 12.00
# Visual Studio 15
VisualStudioVersion = 15.0.27703.2000
MinimumVisualStudioVersion = 10.0.40219.1
Project("{FAE04EC0-301F-11D3-BF4B-00C04F79EFBC}") = "Symbol.RFID.SDK.DemoApp", "Symbol.RFID.SDK.DemoApp\Symbol.RFID.SDK.DemoApp.csproj", "{79E3D03C-9371-48B5-B2C9-9E91B2D29E73}"
EndProject
Global
	GlobalSection(SolutionConfigurationPlatforms) = preSolution
		Debug|Any CPU = Debug|Any CPU
		Release|Any CPU = Release|Any CPU
	EndGlobalSection
	GlobalSection(ProjectConfigurationPlatforms) = postSolution
		{79E3D03C-9371-48B5-B2C9-9E91B2D29E73}.Debug|Any CPU.ActiveCfg = Debug|Any CPU
		{79E3D03C-9371-48B5-B2C9-9E91B2D29E73}.Debug|Any CPU.Build.0 = Debug|Any CPU
		{79E3D03C-9371-48B5-B2C9-9E91B2D29E73}.Release|Any CPU.ActiveCfg = Release|Any CPU
		{79E3D03C-9371-48B5-B2C9-9E91B2D29E73}.Release|Any CPU.Build.0 = Release|Any CPU
	EndGlobalSection
	GlobalSection(SolutionProperties) = preSolution
		HideSolutionNode = FALSE
	EndGlobalSection
	GlobalSection(ExtensibilityGlobals) = postSolution
		SolutionGuid = {0F332B53-61B3-4987-A3E6-E24F5E894409}
	EndGlobalSection
EndGlobal
